{
  "originHash" : "1eb67373ea119777ec4875726918c67e91748af7381ddcc5da3d06d5adced63d",
  "pins" : [
    {
      "identity" : "bigint",
      "kind" : "remoteSourceControl",
      "location" : "https://github.com/attaswift/BigInt.git",
      "state" : {
        "revision" : "e07e00fa1fd435143a2dcf8b7eec9a7710b2fdfe",
        "version" : "5.7.0"
      }
    }
  ],
  "version" : 3
}
